// !$*UTF8*$!
{
	archiveVersion = 1;
	classes = {
	};
	objectVersion = 46;
	objects = {

/* Begin PBXBuildFile section */
		992209861B2C297100F2EE8E /* SoundsEngine.swift in Sources */ = {isa = PBXBuildFile; fileRef = 992209851B2C297100F2EE8E /* SoundsEngine.swift */; };
		99FAFB121B2244150032A614 /* AppDelegate.swift in Sources */ = {isa = PBXBuildFile; fileRef = 99FAFB111B2244150032A614 /* AppDelegate.swift */; };
		99FAFB141B2244150032A614 /* RecordSoundsController.swift in Sources */ = {isa = PBXBuildFile; fileRef = 99FAFB131B2244150032A614 /* RecordSoundsController.swift */; };
		99FAFB171B2244150032A614 /* Main.storyboard in Resources */ = {isa = PBXBuildFile; fileRef = 99FAFB151B2244150032A614 /* Main.storyboard */; };
		99FAFB191B2244150032A614 /* Images.xcassets in Resources */ = {isa = PBXBuildFile; fileRef = 99FAFB181B2244150032A614 /* Images.xcassets */; };
		99FAFB1C1B2244150032A614 /* LaunchScreen.xib in Resources */ = {isa = PBXBuildFile; fileRef = 99FAFB1A1B2244150032A614 /* LaunchScreen.xib */; };
		99FAFB281B2244150032A614 /* Pitch_PerfectTests.swift in Sources */ = {isa = PBXBuildFile; fileRef = 99FAFB271B2244150032A614 /* Pitch_PerfectTests.swift */; };
		99FAFB321B242BFD0032A614 /* PlaySoundsViewController.swift in Sources */ = {isa = PBXBuildFile; fileRef = 99FAFB311B242BFD0032A614 /* PlaySoundsViewController.swift */; };
		99FAFB351B242E3F0032A614 /* movie_quote.mp3 in Resources */ = {isa = PBXBuildFile; fileRef = 99FAFB341B242E3F0032A614 /* movie_quote.mp3 */; };
		99FAFB371B2431190032A614 /* AVFoundation.framework in Frameworks */ = {isa = PBXBuildFile; fileRef = 99FAFB361B2431190032A614 /* AVFoundation.framework */; };
		99FAFB3A1B2AF0420032A614 /* RecordedAudio.swift in Sources */ = {isa = PBXBuildFile; fileRef = 99FAFB391B2AF0420032A614 /* RecordedAudio.swift */; };
/* End PBXBuildFile section */

/* Begin PBXContainerItemProxy section */
		99FAFB221B2244150032A614 /* PBXContainerItemProxy */ = {
			isa = PBXContainerItemProxy;
			containerPortal = 99FAFB041B2244150032A614 /* Project object */;
			proxyType = 1;
			remoteGlobalIDString = 99FAFB0B1B2244150032A614;
			remoteInfo = "Pitch Perfect";
		};
/* End PBXContainerItemProxy section */

/* Begin PBXFileReference section */
		992209851B2C297100F2EE8E /* SoundsEngine.swift */ = {isa = PBXFileReference; fileEncoding = 4; lastKnownFileType = sourcecode.swift; name = SoundsEngine.swift; path = Model/SoundsEngine.swift; sourceTree = "<group>"; };
		99FAFB0C1B2244150032A614 /* Pitch Perfect.app */ = {isa = PBXFileReference; explicitFileType = wrapper.application; includeInIndex = 0; path = "Pitch Perfect.app"; sourceTree = BUILT_PRODUCTS_DIR; };
		99FAFB101B2244150032A614 /* Info.plist */ = {isa = PBXFileReference; lastKnownFileType = text.plist.xml; path = Info.plist; sourceTree = "<group>"; };
		99FAFB111B2244150032A614 /* AppDelegate.swift */ = {isa = PBXFileReference; lastKnownFileType = sourcecode.swift; path = AppDelegate.swift; sourceTree = "<group>"; };
		99FAFB131B2244150032A614 /* RecordSoundsController.swift */ = {isa = PBXFileReference; lastKnownFileType = sourcecode.swift; path = RecordSoundsController.swift; sourceTree = "<group>"; };
		99FAFB161B2244150032A614 /* Base */ = {isa = PBXFileReference; lastKnownFileType = file.storyboard; name = Base; path = Base.lproj/Main.storyboard; sourceTree = "<group>"; };
		99FAFB181B2244150032A614 /* Images.xcassets */ = {isa = PBXFileReference; lastKnownFileType = folder.assetcatalog; path = Images.xcassets; sourceTree = "<group>"; };
		99FAFB1B1B2244150032A614 /* Base */ = {isa = PBXFileReference; lastKnownFileType = file.xib; name = Base; path = Base.lproj/LaunchScreen.xib; sourceTree = "<group>"; };
		99FAFB211B2244150032A614 /* Pitch PerfectTests.xctest */ = {isa = PBXFileReference; explicitFileType = wrapper.cfbundle; includeInIndex = 0; path = "Pitch PerfectTests.xctest"; sourceTree = BUILT_PRODUCTS_DIR; };
		99FAFB261B2244150032A614 /* Info.plist */ = {isa = PBXFileReference; lastKnownFileType = text.plist.xml; path = Info.plist; sourceTree = "<group>"; };
		99FAFB271B2244150032A614 /* Pitch_PerfectTests.swift */ = {isa = PBXFileReference; lastKnownFileType = sourcecode.swift; path = Pitch_PerfectTests.swift; sourceTree = "<group>"; };
		99FAFB311B242BFD0032A614 /* PlaySoundsViewController.swift */ = {isa = PBXFileReference; fileEncoding = 4; lastKnownFileType = sourcecode.swift; path = PlaySoundsViewController.swift; sourceTree = "<group>"; };
		99FAFB341B242E3F0032A614 /* movie_quote.mp3 */ = {isa = PBXFileReference; lastKnownFileType = audio.mp3; name = movie_quote.mp3; path = ../Resourses/movie_quote.mp3; sourceTree = "<group>"; };
		99FAFB361B2431190032A614 /* AVFoundation.framework */ = {isa = PBXFileReference; lastKnownFileType = wrapper.framework; name = AVFoundation.framework; path = System/Library/Frameworks/AVFoundation.framework; sourceTree = SDKROOT; };
		99FAFB391B2AF0420032A614 /* RecordedAudio.swift */ = {isa = PBXFileReference; fileEncoding = 4; lastKnownFileType = sourcecode.swift; name = RecordedAudio.swift; path = Model/RecordedAudio.swift; sourceTree = "<group>"; };
/* End PBXFileReference section */

/* Begin PBXFrameworksBuildPhase section */
		99FAFB091B2244150032A614 /* Frameworks */ = {
			isa = PBXFrameworksBuildPhase;
			buildActionMask = 2147483647;
			files = (
				99FAFB371B2431190032A614 /* AVFoundation.framework in Frameworks */,
			);
			runOnlyForDeploymentPostprocessing = 0;
		};
		99FAFB1E1B2244150032A614 /* Frameworks */ = {
			isa = PBXFrameworksBuildPhase;
			buildActionMask = 2147483647;
			files = (
			);
			runOnlyForDeploymentPostprocessing = 0;
		};
/* End PBXFrameworksBuildPhase section */

/* Begin PBXGroup section */
		99FAFB031B2244150032A614 = {
			isa = PBXGroup;
			children = (
				99FAFB361B2431190032A614 /* AVFoundation.framework */,
				99FAFB331B242E3F0032A614 /* Resourses */,
				99FAFB0E1B2244150032A614 /* Pitch Perfect */,
				99FAFB241B2244150032A614 /* Pitch PerfectTests */,
				99FAFB0D1B2244150032A614 /* Products */,
			);
			sourceTree = "<group>";
		};
		99FAFB0D1B2244150032A614 /* Products */ = {
			isa = PBXGroup;
			children = (
				99FAFB0C1B2244150032A614 /* Pitch Perfect.app */,
				99FAFB211B2244150032A614 /* Pitch PerfectTests.xctest */,
			);
			name = Products;
			sourceTree = "<group>";
		};
		99FAFB0E1B2244150032A614 /* Pitch Perfect */ = {
			isa = PBXGroup;
			children = (
				99FAFB3B1B2AF9C10032A614 /* Controllers */,
				99FAFB381B2AF00D0032A614 /* Model */,
				99FAFB111B2244150032A614 /* AppDelegate.swift */,
				99FAFB151B2244150032A614 /* Main.storyboard */,
				99FAFB181B2244150032A614 /* Images.xcassets */,
				99FAFB1A1B2244150032A614 /* LaunchScreen.xib */,
				99FAFB0F1B2244150032A614 /* Supporting Files */,
			);
			path = "Pitch Perfect";
			sourceTree = "<group>";
		};
		99FAFB0F1B2244150032A614 /* Supporting Files */ = {
			isa = PBXGroup;
			children = (
				99FAFB101B2244150032A614 /* Info.plist */,
			);
			name = "Supporting Files";
			sourceTree = "<group>";
		};
		99FAFB241B2244150032A614 /* Pitch PerfectTests */ = {
			isa = PBXGroup;
			children = (
				99FAFB271B2244150032A614 /* Pitch_PerfectTests.swift */,
				99FAFB251B2244150032A614 /* Supporting Files */,
			);
			path = "Pitch PerfectTests";
			sourceTree = "<group>";
		};
		99FAFB251B2244150032A614 /* Supporting Files */ = {
			isa = PBXGroup;
			children = (
				99FAFB341B242E3F0032A614 /* movie_quote.mp3 */,
				99FAFB261B2244150032A614 /* Info.plist */,
			);
			name = "Supporting Files";
			sourceTree = "<group>";
		};
		99FAFB331B242E3F0032A614 /* Resourses */ = {
			isa = PBXGroup;
			children = (
			);
			path = Resourses;
			sourceTree = "<group>";
		};
		99FAFB381B2AF00D0032A614 /* Model */ = {
			isa = PBXGroup;
			children = (
				99FAFB391B2AF0420032A614 /* RecordedAudio.swift */,
				992209851B2C297100F2EE8E /* SoundsEngine.swift */,
			);
			name = Model;
			sourceTree = "<group>";
		};
		99FAFB3B1B2AF9C10032A614 /* Controllers */ = {
			isa = PBXGroup;
			children = (
				99FAFB131B2244150032A614 /* RecordSoundsController.swift */,
				99FAFB311B242BFD0032A614 /* PlaySoundsViewController.swift */,
			);
			name = Controllers;
			sourceTree = "<group>";
		};
/* End PBXGroup section */

/* Begin PBXNativeTarget section */
		99FAFB0B1B2244150032A614 /* Pitch Perfect */ = {
			isa = PBXNativeTarget;
			buildConfigurationList = 99FAFB2B1B2244150032A614 /* Build configuration list for PBXNativeTarget "Pitch Perfect" */;
			buildPhases = (
				99FAFB081B2244150032A614 /* Sources */,
				99FAFB091B2244150032A614 /* Frameworks */,
				99FAFB0A1B2244150032A614 /* Resources */,
			);
			buildRules = (
			);
			dependencies = (
			);
			name = "Pitch Perfect";
			productName = "Pitch Perfect";
			productReference = 99FAFB0C1B2244150032A614 /* Pitch Perfect.app */;
			productType = "com.apple.product-type.application";
		};
		99FAFB201B2244150032A614 /* Pitch PerfectTests */ = {
			isa = PBXNativeTarget;
			buildConfigurationList = 99FAFB2E1B2244150032A614 /* Build configuration list for PBXNativeTarget "Pitch PerfectTests" */;
			buildPhases = (
				99FAFB1D1B2244150032A614 /* Sources */,
				99FAFB1E1B2244150032A614 /* Frameworks */,
				99FAFB1F1B2244150032A614 /* Resources */,
			);
			buildRules = (
			);
			dependencies = (
				99FAFB231B2244150032A614 /* PBXTargetDependency */,
			);
			name = "Pitch PerfectTests";
			productName = "Pitch PerfectTests";
			productReference = 99FAFB211B2244150032A614 /* Pitch PerfectTests.xctest */;
			productType = "com.apple.product-type.bundle.unit-test";
		};
/* End PBXNativeTarget section */

/* Begin PBXProject section */
		99FAFB041B2244150032A614 /* Project object */ = {
			isa = PBXProject;
			attributes = {
				LastUpgradeCheck = 0630;
				ORGANIZATIONNAME = "AlexShpirko LLC";
				TargetAttributes = {
					99FAFB0B1B2244150032A614 = {
						CreatedOnToolsVersion = 6.3.2;
					};
					99FAFB201B2244150032A614 = {
						CreatedOnToolsVersion = 6.3.2;
						TestTargetID = 99FAFB0B1B2244150032A614;
					};
				};
			};
			buildConfigurationList = 99FAFB071B2244150032A614 /* Build configuration list for PBXProject "Pitch Perfect" */;
			compatibilityVersion = "Xcode 3.2";
			developmentRegion = English;
			hasScannedForEncodings = 0;
			knownRegions = (
				en,
				Base,
			);
			mainGroup = 99FAFB031B2244150032A614;
			productRefGroup = 99FAFB0D1B2244150032A614 /* Products */;
			projectDirPath = "";
			projectRoot = "";
			targets = (
				99FAFB0B1B2244150032A614 /* Pitch Perfect */,
				99FAFB201B2244150032A614 /* Pitch PerfectTests */,
			);
		};
/* End PBXProject section */

/* Begin PBXResourcesBuildPhase section */
		99FAFB0A1B2244150032A614 /* Resources */ = {
			isa = PBXResourcesBuildPhase;
			buildActionMask = 2147483647;
			files = (
				99FAFB171B2244150032A614 /* Main.storyboard in Resources */,
				99FAFB1C1B2244150032A614 /* LaunchScreen.xib in Resources */,
				99FAFB351B242E3F0032A614 /* movie_quote.mp3 in Resources */,
				99FAFB191B2244150032A614 /* Images.xcassets in Resources */,
			);
			runOnlyForDeploymentPostprocessing = 0;
		};
		99FAFB1F1B2244150032A614 /* Resources */ = {
			isa = PBXResourcesBuildPhase;
			buildActionMask = 2147483647;
			files = (
			);
			runOnlyForDeploymentPostprocessing = 0;
		};
/* End PBXResourcesBuildPhase section */

/* Begin PBXSourcesBuildPhase section */
		99FAFB081B2244150032A614 /* Sources */ = {
			isa = PBXSourcesBuildPhase;
			buildActionMask = 2147483647;
			files = (
				99FAFB3A1B2AF0420032A614 /* RecordedAudio.swift in Sources */,
				99FAFB141B2244150032A614 /* RecordSoundsController.swift in Sources */,
				99FAFB321B242BFD0032A614 /* PlaySoundsViewController.swift in Sources */,
				992209861B2C297100F2EE8E /* SoundsEngine.swift in Sources */,
				99FAFB121B2244150032A614 /* AppDelegate.swift in Sources */,
			);
			runOnlyForDeploymentPostprocessing = 0;
		};
		99FAFB1D1B2244150032A614 /* Sources */ = {
			isa = PBXSourcesBuildPhase;
			buildActionMask = 2147483647;
			files = (
				99FAFB281B2244150032A614 /* Pitch_PerfectTests.swift in Sources */,
			);
			runOnlyForDeploymentPostprocessing = 0;
		};
/* End PBXSourcesBuildPhase section */

/* Begin PBXTargetDependency section */
		99FAFB231B2244150032A614 /* PBXTargetDependency */ = {
			isa = PBXTargetDependency;
			target = 99FAFB0B1B2244150032A614 /* Pitch Perfect */;
			targetProxy = 99FAFB221B2244150032A614 /* PBXContainerItemProxy */;
		};
/* End PBXTargetDependency section */

/* Begin PBXVariantGroup section */
		99FAFB151B2244150032A614 /* Main.storyboard */ = {
			isa = PBXVariantGroup;
			children = (
				99FAFB161B2244150032A614 /* Base */,
			);
			name = Main.storyboard;
			sourceTree = "<group>";
		};
		99FAFB1A1B2244150032A614 /* LaunchScreen.xib */ = {
			isa = PBXVariantGroup;
			children = (
				99FAFB1B1B2244150032A614 /* Base */,
			);
			name = LaunchScreen.xib;
			sourceTree = "<group>";
		};
/* End PBXVariantGroup section */

/* Begin XCBuildConfiguration section */
		99FAFB291B2244150032A614 /* Debug */ = {
			isa = XCBuildConfiguration;
			buildSettings = {
				ALWAYS_SEARCH_USER_PATHS = NO;
				CLANG_CXX_LANGUAGE_STANDARD = "gnu++0x";
				CLANG_CXX_LIBRARY = "libc++";
				CLANG_ENABLE_MODULES = YES;
				CLANG_ENABLE_OBJC_ARC = YES;
				CLANG_WARN_BOOL_CONVERSION = YES;
				CLANG_WARN_CONSTANT_CONVERSION = YES;
				CLANG_WARN_DIRECT_OBJC_ISA_USAGE = YES_ERROR;
				CLANG_WARN_EMPTY_BODY = YES;
				CLANG_WARN_ENUM_CONVERSION = YES;
				CLANG_WARN_INT_CONVERSION = YES;
				CLANG_WARN_OBJC_ROOT_CLASS = YES_ERROR;
				CLANG_WARN_UNREACHABLE_CODE = YES;
				CLANG_WARN__DUPLICATE_METHOD_MATCH = YES;
				"CODE_SIGN_IDENTITY[sdk=iphoneos*]" = "iPhone Developer";
				COPY_PHASE_STRIP = NO;
				DEBUG_INFORMATION_FORMAT = "dwarf-with-dsym";
				ENABLE_STRICT_OBJC_MSGSEND = YES;
				GCC_C_LANGUAGE_STANDARD = gnu99;
				GCC_DYNAMIC_NO_PIC = NO;
				GCC_NO_COMMON_BLOCKS = YES;
				GCC_OPTIMIZATION_LEVEL = 0;
				GCC_PREPROCESSOR_DEFINITIONS = (
					"DEBUG=1",
					"$(inherited)",
				);
				GCC_SYMBOLS_PRIVATE_EXTERN = NO;
				GCC_WARN_64_TO_32_BIT_CONVERSION = YES;
				GCC_WARN_ABOUT_RETURN_TYPE = YES_ERROR;
				GCC_WARN_UNDECLARED_SELECTOR = YES;
				GCC_WARN_UNINITIALIZED_AUTOS = YES_AGGRESSIVE;
				GCC_WARN_UNUSED_FUNCTION = YES;
				GCC_WARN_UNUSED_VARIABLE = YES;
				IPHONEOS_DEPLOYMENT_TARGET = 8.0;
				MTL_ENABLE_DEBUG_INFO = YES;
				ONLY_ACTIVE_ARCH = YES;
				SDKROOT = iphoneos;
				SWIFT_OPTIMIZATION_LEVEL = "-Onone";
			};
			name = Debug;
		};
		99FAFB2A1B2244150032A614 /* Release */ = {
			isa = XCBuildConfiguration;
			buildSettings = {
				ALWAYS_SEARCH_USER_PATHS = NO;
				CLANG_CXX_LANGUAGE_STANDARD = "gnu++0x";
				CLANG_CXX_LIBRARY = "libc++";
				CLANG_ENABLE_MODULES = YES;
				CLANG_ENABLE_OBJC_ARC = YES;
				CLANG_WARN_BOOL_CONVERSION = YES;
				CLANG_WARN_CONSTANT_CONVERSION = YES;
				CLANG_WARN_DIRECT_OBJC_ISA_USAGE = YES_ERROR;
				CLANG_WARN_EMPTY_BODY = YES;
				CLANG_WARN_ENUM_CONVERSION = YES;
				CLANG_WARN_INT_CONVERSION = YES;
				CLANG_WARN_OBJC_ROOT_CLASS = YES_ERROR;
				CLANG_WARN_UNREACHABLE_CODE = YES;
				CLANG_WARN__DUPLICATE_METHOD_MATCH = YES;
				"CODE_SIGN_IDENTITY[sdk=iphoneos*]" = "iPhone Developer";
				COPY_PHASE_STRIP = NO;
				DEBUG_INFORMATION_FORMAT = "dwarf-with-dsym";
				ENABLE_NS_ASSERTIONS = NO;
				ENABLE_STRICT_OBJC_MSGSEND = YES;
				GCC_C_LANGUAGE_STANDARD = gnu99;
				GCC_NO_COMMON_BLOCKS = YES;
				GCC_WARN_64_TO_32_BIT_CONVERSION = YES;
				GCC_WARN_ABOUT_RETURN_TYPE = YES_ERROR;
				GCC_WARN_UNDECLARED_SELECTOR = YES;
				GCC_WARN_UNINITIALIZED_AUTOS = YES_AGGRESSIVE;
				GCC_WARN_UNUSED_FUNCTION = YES;
				GCC_WARN_UNUSED_VARIABLE = YES;
				IPHONEOS_DEPLOYMENT_TARGET = 8.0;
				MTL_ENABLE_DEBUG_INFO = NO;
				SDKROOT = iphoneos;
				VALIDATE_PRODUCT = YES;
			};
			name = Release;
		};
		99FAFB2C1B2244150032A614 /* Debug */ = {
			isa = XCBuildConfiguration;
			buildSettings = {
				ASSETCATALOG_COMPILER_APPICON_NAME = AppIcon;
				ASSETCATALOG_COMPILER_LAUNCHIMAGE_NAME = LaunchImage;
				INFOPLIST_FILE = "Pitch Perfect/Info.plist";
				IPHONEOS_DEPLOYMENT_TARGET = 8.0;
				LD_RUNPATH_SEARCH_PATHS = "$(inherited) @executable_path/Frameworks";
				PRODUCT_NAME = "$(TARGET_NAME)";
			};
			name = Debug;
		};
		99FAFB2D1B2244150032A614 /* Release */ = {
			isa = XCBuildConfiguration;
			buildSettings = {
				ASSETCATALOG_COMPILER_APPICON_NAME = AppIcon;
				ASSETCATALOG_COMPILER_LAUNCHIMAGE_NAME = LaunchImage;
				INFOPLIST_FILE = "Pitch Perfect/Info.plist";
				IPHONEOS_DEPLOYMENT_TARGET = 8.0;
				LD_RUNPATH_SEARCH_PATHS = "$(inherited) @executable_path/Frameworks";
				PRODUCT_NAME = "$(TARGET_NAME)";
			};
			name = Release;
		};
		99FAFB2F1B2244150032A614 /* Debug */ = {
			isa = XCBuildConfiguration;
			buildSettings = {
				BUNDLE_LOADER = "$(TEST_HOST)";
				FRAMEWORK_SEARCH_PATHS = (
					"$(SDKROOT)/Developer/Library/Frameworks",
					"$(inherited)",
				);
				GCC_PREPROCESSOR_DEFINITIONS = (
					"DEBUG=1",
					"$(inherited)",
				);
				INFOPLIST_FILE = "Pitch PerfectTests/Info.plist";
				LD_RUNPATH_SEARCH_PATHS = "$(inherited) @executable_path/Frameworks @loader_path/Frameworks";
				PRODUCT_NAME = "$(TARGET_NAME)";
				TEST_HOST = "$(BUILT_PRODUCTS_DIR)/Pitch Perfect.app/Pitch Perfect";
			};
			name = Debug;
		};
		99FAFB301B2244150032A614 /* Release */ = {
			isa = XCBuildConfiguration;
			buildSettings = {
				BUNDLE_LOADER = "$(TEST_HOST)";
				FRAMEWORK_SEARCH_PATHS = (
					"$(SDKROOT)/Developer/Library/Frameworks",
					"$(inherited)",
				);
				INFOPLIST_FILE = "Pitch PerfectTests/Info.plist";
				LD_RUNPATH_SEARCH_PATHS = "$(inherited) @executable_path/Frameworks @loader_path/Frameworks";
				PRODUCT_NAME = "$(TARGET_NAME)";
				TEST_HOST = "$(BUILT_PRODUCTS_DIR)/Pitch Perfect.app/Pitch Perfect";
			};
			name = Release;
		};
/* End XCBuildConfiguration section */

/* Begin XCConfigurationList section */
		99FAFB071B2244150032A614 /* Build configuration list for PBXProject "Pitch Perfect" */ = {
			isa = XCConfigurationList;
			buildConfigurations = (
				99FAFB291B2244150032A614 /* Debug */,
				99FAFB2A1B2244150032A614 /* Release */,
			);
			defaultConfigurationIsVisible = 0;
			defaultConfigurationName = Release;
		};
		99FAFB2B1B2244150032A614 /* Build configuration list for PBXNativeTarget "Pitch Perfect" */ = {
			isa = XCConfigurationList;
			buildConfigurations = (
				99FAFB2C1B2244150032A614 /* Debug */,
				99FAFB2D1B2244150032A614 /* Release */,
			);
			defaultConfigurationIsVisible = 0;
			defaultConfigurationName = Release;
		};
		99FAFB2E1B2244150032A614 /* Build configuration list for PBXNativeTarget "Pitch PerfectTests" */ = {
			isa = XCConfigurationList;
			buildConfigurations = (
				99FAFB2F1B2244150032A614 /* Debug */,
				99FAFB301B2244150032A614 /* Release */,
			);
			defaultConfigurationIsVisible = 0;
			defaultConfigurationName = Release;
		};
/* End XCConfigurationList section */
	};
	rootObject = 99FAFB041B2244150032A614 /* Project object */;
}
